
Microsoft Visual Studio Solution File, Format Version 12.00
# Visual Studio Version 17
VisualStudioVersion = 17.14.37411.7 d17.14
MinimumVisualStudioVersion = 10.0.40219.1
Project("{FAE04EC0-301F-11D3-BF4B-00C04F79EFBC}") = "Autenticacion_Roles", "Autenticacion_Roles\Autenticacion_Roles.csproj", "{57F8EC79-DF6B-47FF-86B4-16B5402BD560}"
EndProject
Global
	GlobalSection(SolutionConfigurationPlatforms) = preSolution
		Debug|Any CPU = Debug|Any CPU
		Release|Any CPU = Release|Any CPU
	EndGlobalSection
	GlobalSection(ProjectConfigurationPlatforms) = postSolution
		{57F8EC79-DF6B-47FF-86B4-16B5402BD560}.Debug|Any CPU.ActiveCfg = Debug|Any CPU
		{57F8EC79-DF6B-47FF-86B4-16B5402BD560}.Debug|Any CPU.Build.0 = Debug|Any CPU
		{57F8EC79-DF6B-47FF-86B4-16B5402BD560}.Release|Any CPU.ActiveCfg = Release|Any CPU
		{57F8EC79-DF6B-47FF-86B4-16B5402BD560}.Release|Any CPU.Build.0 = Release|Any CPU
	EndGlobalSection
	GlobalSection(SolutionProperties) = preSolution
		HideSolutionNode = FALSE
	EndGlobalSection
	GlobalSection(ExtensibilityGlobals) = postSolution
		SolutionGuid = {9E70BA9C-E63A-4DDB-AAED-F9245E5195D4}
	EndGlobalSection
EndGlobal
